github.com/defn/shlib/v2 v2.0.1/go.mod h1:ZJEmMeUJ2iXdeFDEFnlvaHy2OdVnHJpdMwElaAdPRJk=
github.com/dgwyn/gorillama v0.0.0-20200911005608-c0ffc4f50ed8 h1:5EBgez2Ct7ZhWBMUlYAuZf5M9BmDnMXdc4r+tlaaJfA=
github.com/dgwyn/gorillama v0.0.0-20200911005608-c0ffc4f50ed8/go.mod h1:/v07cuUi2B6f1u1OEfY2+TbHkXT/19fOGyeChgNI7I4=
